
Microsoft Visual Studio Solution File, Format Version 12.00
# Visual Studio Version 17
VisualStudioVersion = 17.4.33205.214
MinimumVisualStudioVersion = 10.0.40219.1
Project("{FAE04EC0-301F-11D3-BF4B-00C04F79EFBC}") = "testtestsection3", "testtestsection3.csproj", "{000F145E-1C1E-4CF1-AB64-C2FA1D2555BE}"
EndProject
Global
	GlobalSection(SolutionConfigurationPlatforms) = preSolution
		Debug|Any CPU = Debug|Any CPU
		Release|Any CPU = Release|Any CPU
	EndGlobalSection
	GlobalSection(ProjectConfigurationPlatforms) = postSolution
		{000F145E-1C1E-4CF1-AB64-C2FA1D2555BE}.Debug|Any CPU.ActiveCfg = Debug|Any CPU
		{000F145E-1C1E-4CF1-AB64-C2FA1D2555BE}.Debug|Any CPU.Build.0 = Debug|Any CPU
		{000F145E-1C1E-4CF1-AB64-C2FA1D2555BE}.Release|Any CPU.ActiveCfg = Release|Any CPU
		{000F145E-1C1E-4CF1-AB64-C2FA1D2555BE}.Release|Any CPU.Build.0 = Release|Any CPU
	EndGlobalSection
	GlobalSection(SolutionProperties) = preSolution
		HideSolutionNode = FALSE
	EndGlobalSection
	GlobalSection(ExtensibilityGlobals) = postSolution
		SolutionGuid = {8E7B6609-B06A-443E-BBA7-1C175125F177}
	EndGlobalSection
EndGlobal
